
Microsoft Visual Studio Solution File, Format Version 12.00
# Visual Studio Version 17
VisualStudioVersion = 17.0.31903.59
MinimumVisualStudioVersion = 10.0.40219.1
Project("{FAE04EC0-301F-11D3-BF4B-00C04F79EFBC}") = "Provjera_2", "Provjera_2.csproj", "{0AFD71F5-1A65-4258-ABEF-9AFCAF47E27E}"
EndProject
Global
	GlobalSection(SolutionConfigurationPlatforms) = preSolution
		Debug|Any CPU = Debug|Any CPU
		Release|Any CPU = Release|Any CPU
	EndGlobalSection
	GlobalSection(ProjectConfigurationPlatforms) = postSolution
		{0AFD71F5-1A65-4258-ABEF-9AFCAF47E27E}.Debug|Any CPU.ActiveCfg = Debug|Any CPU
		{0AFD71F5-1A65-4258-ABEF-9AFCAF47E27E}.Debug|Any CPU.Build.0 = Debug|Any CPU
		{0AFD71F5-1A65-4258-ABEF-9AFCAF47E27E}.Release|Any CPU.ActiveCfg = Release|Any CPU
		{0AFD71F5-1A65-4258-ABEF-9AFCAF47E27E}.Release|Any CPU.Build.0 = Release|Any CPU
	EndGlobalSection
	GlobalSection(SolutionProperties) = preSolution
		HideSolutionNode = FALSE
	EndGlobalSection
	GlobalSection(ExtensibilityGlobals) = postSolution
		SolutionGuid = {5661D347-6BE5-4981-9950-752DDFB1CB6D}
	EndGlobalSection
EndGlobal
